{
  "originHash" : "07c61a5364a887104fd9a948dd77b0e8e1bda848d2b3ea21ae2fa3d9be6f75a4",
  "pins" : [
    {
      "identity" : "capacitor-swift-pm",
      "kind" : "remoteSourceControl",
      "location" : "https://github.com/ionic-team/capacitor-swift-pm.git",
      "state" : {
        "revision" : "4f71d0b979f2f957326f04353eca7604ee937e1e",
        "version" : "8.5.0"
      }
    },
    {
      "identity" : "osbarcodelib-ios",
      "kind" : "remoteSourceControl",
      "location" : "https://github.com/OutSystems/OSBarcodeLib-iOS.git",
      "state" : {
        "revision" : "392ab180af4f546001dc628a86bb6de4a5b9a2a0",
        "version" : "2.2.0"
      }
    }
  ],
  "version" : 3
}
